
Microsoft Visual Studio Solution File, Format Version 12.00
# Visual Studio Version 17
VisualStudioVersion = 17.5.33516.290
MinimumVisualStudioVersion = 10.0.40219.1
Project("{2150E333-8FDC-42A3-9474-1A3956D46DE8}") = "Services", "Services", "{D3BF7D1E-9499-4F03-A0CD-1E5A2D04FD2C}"
EndProject
Project("{2150E333-8FDC-42A3-9474-1A3956D46DE8}") = "Catalog", "Catalog", "{85E6D777-0B02-4A93-857A-4D42E4B0CE19}"
EndProject
Project("{9A19103F-16F7-4668-BE54-9A1E7A4F7556}") = "Catalog.API", "Services\Catalog\Catalog.API\Catalog.API.csproj", "{A1150179-2EA3-4144-9EF6-79A3F88EC242}"
EndProject
Project("{E53339B2-1760-4266-BCC7-CA923CBCF16C}") = "docker-compose", "docker-compose.dcproj", "{2C658DF5-218B-464C-A385-9E88E7812BB0}"
EndProject
Project("{2150E333-8FDC-42A3-9474-1A3956D46DE8}") = "Basket", "Basket", "{7787223F-1BFC-4D4E-AB01-9536AD93DBA5}"
EndProject
Project("{9A19103F-16F7-4668-BE54-9A1E7A4F7556}") = "Basket.API", "Services\Basket\Basket.API\Basket.API.csproj", "{6D968C44-63E4-49A5-97C9-2BA4C67C0F1B}"
EndProject
Project("{2150E333-8FDC-42A3-9474-1A3956D46DE8}") = "Discount", "Discount", "{3B259CDD-93ED-4018-B06D-F1332444E969}"
EndProject
Project("{9A19103F-16F7-4668-BE54-9A1E7A4F7556}") = "Discount.API", "Services\Discount\Discount.API\Discount.API.csproj", "{C90E16BE-96BB-4EE4-92F8-E07B72D26FB0}"
EndProject
Project("{9A19103F-16F7-4668-BE54-9A1E7A4F7556}") = "Discount.Grpc", "Services\Discount\Discount.Grpc\Discount.Grpc.csproj", "{4AC5CC98-FB80-428B-8DA8-A4A0862AFF11}"
EndProject
Project("{2150E333-8FDC-42A3-9474-1A3956D46DE8}") = "Ordering", "Ordering", "{C794A0EF-A8E8-449C-8483-C23C94F41CA5}"
EndProject
Project("{9A19103F-16F7-4668-BE54-9A1E7A4F7556}") = "Ordering.API", "Services\Ordering\OrderingAPI\Ordering.API.csproj", "{1A88C920-089C-4FC3-BA60-4C155DE558D4}"
EndProject
Project("{9A19103F-16F7-4668-BE54-9A1E7A4F7556}") = "Ordering.Domain", "Services\Ordering\Ordering.Domain\Ordering.Domain.csproj", "{E5D4EEAA-7125-4402-B1F1-D71F4BD3B483}"
EndProject
Project("{9A19103F-16F7-4668-BE54-9A1E7A4F7556}") = "Ordering.Application", "Services\Ordering\Ordering.Application\Ordering.Application.csproj", "{0323EB64-34B8-472B-B6B8-A7FD994BB231}"
EndProject
Project("{9A19103F-16F7-4668-BE54-9A1E7A4F7556}") = "Ordering.Infrastructure", "Services\Ordering\Ordering.Infrastructure\Ordering.Infrastructure.csproj", "{3E1DB1E3-0849-4997-BA7F-5A1A787C1AB4}"
EndProject
Project("{2150E333-8FDC-42A3-9474-1A3956D46DE8}") = "WebApps", "WebApps", "{44E66A8A-EF06-4A26-9058-AE1816B0C406}"
EndProject
Project("{9A19103F-16F7-4668-BE54-9A1E7A4F7556}") = "AspnetRunBasics", "WebApps\AspnetRunBasics\AspnetRunBasics.csproj", "{4AB5D6D1-2A05-404D-AC5B-5EE5586FA44E}"
EndProject
Project("{FAE04EC0-301F-11D3-BF4B-00C04F79EFBC}") = "ShoppingWebApp", "WebApps\ShoppingWebApp\ShoppingWebApp.csproj", "{9565666D-C69D-444C-9445-964DEE628863}"
EndProject
Global
	GlobalSection(SolutionConfigurationPlatforms) = preSolution
		Debug|Any CPU = Debug|Any CPU
		Release|Any CPU = Release|Any CPU
	EndGlobalSection
	GlobalSection(ProjectConfigurationPlatforms) = postSolution
		{A1150179-2EA3-4144-9EF6-79A3F88EC242}.Debug|Any CPU.ActiveCfg = Debug|Any CPU
		{A1150179-2EA3-4144-9EF6-79A3F88EC242}.Debug|Any CPU.Build.0 = Debug|Any CPU
		{A1150179-2EA3-4144-9EF6-79A3F88EC242}.Release|Any CPU.ActiveCfg = Release|Any CPU
		{A1150179-2EA3-4144-9EF6-79A3F88EC242}.Release|Any CPU.Build.0 = Release|Any CPU
		{2C658DF5-218B-464C-A385-9E88E7812BB0}.Debug|Any CPU.ActiveCfg = Debug|Any CPU
		{2C658DF5-218B-464C-A385-9E88E7812BB0}.Debug|Any CPU.Build.0 = Debug|Any CPU
		{2C658DF5-218B-464C-A385-9E88E7812BB0}.Release|Any CPU.ActiveCfg = Release|Any CPU
		{2C658DF5-218B-464C-A385-9E88E7812BB0}.Release|Any CPU.Build.0 = Release|Any CPU
		{6D968C44-63E4-49A5-97C9-2BA4C67C0F1B}.Debug|Any CPU.ActiveCfg = Debug|Any CPU
		{6D968C44-63E4-49A5-97C9-2BA4C67C0F1B}.Debug|Any CPU.Build.0 = Debug|Any CPU
		{6D968C44-63E4-49A5-97C9-2BA4C67C0F1B}.Release|Any CPU.ActiveCfg = Release|Any CPU
		{6D968C44-63E4-49A5-97C9-2BA4C67C0F1B}.Release|Any CPU.Build.0 = Release|Any CPU
		{C90E16BE-96BB-4EE4-92F8-E07B72D26FB0}.Debug|Any CPU.ActiveCfg = Debug|Any CPU
		{C90E16BE-96BB-4EE4-92F8-E07B72D26FB0}.Debug|Any CPU.Build.0 = Debug|Any CPU
		{C90E16BE-96BB-4EE4-92F8-E07B72D26FB0}.Release|Any CPU.ActiveCfg = Release|Any CPU
		{C90E16BE-96BB-4EE4-92F8-E07B72D26FB0}.Release|Any CPU.Build.0 = Release|Any CPU
		{4AC5CC98-FB80-428B-8DA8-A4A0862AFF11}.Debug|Any CPU.ActiveCfg = Debug|Any CPU
		{4AC5CC98-FB80-428B-8DA8-A4A0862AFF11}.Debug|Any CPU.Build.0 = Debug|Any CPU
		{4AC5CC98-FB80-428B-8DA8-A4A0862AFF11}.Release|Any CPU.ActiveCfg = Release|Any CPU
		{4AC5CC98-FB80-428B-8DA8-A4A0862AFF11}.Release|Any CPU.Build.0 = Release|Any CPU
		{1A88C920-089C-4FC3-BA60-4C155DE558D4}.Debug|Any CPU.ActiveCfg = Debug|Any CPU
		{1A88C920-089C-4FC3-BA60-4C155DE558D4}.Debug|Any CPU.Build.0 = Debug|Any CPU
		{1A88C920-089C-4FC3-BA60-4C155DE558D4}.Release|Any CPU.ActiveCfg = Release|Any CPU
		{1A88C920-089C-4FC3-BA60-4C155DE558D4}.Release|Any CPU.Build.0 = Release|Any CPU
		{E5D4EEAA-7125-4402-B1F1-D71F4BD3B483}.Debug|Any CPU.ActiveCfg = Debug|Any CPU
		{E5D4EEAA-7125-4402-B1F1-D71F4BD3B483}.Debug|Any CPU.Build.0 = Debug|Any CPU
		{E5D4EEAA-7125-4402-B1F1-D71F4BD3B483}.Release|Any CPU.ActiveCfg = Release|Any CPU
		{E5D4EEAA-7125-4402-B1F1-D71F4BD3B483}.Release|Any CPU.Build.0 = Release|Any CPU
		{0323EB64-34B8-472B-B6B8-A7FD994BB231}.Debug|Any CPU.ActiveCfg = Debug|Any CPU
		{0323EB64-34B8-472B-B6B8-A7FD994BB231}.Debug|Any CPU.Build.0 = Debug|Any CPU
		{0323EB64-34B8-472B-B6B8-A7FD994BB231}.Release|Any CPU.ActiveCfg = Release|Any CPU
		{0323EB64-34B8-472B-B6B8-A7FD994BB231}.Release|Any CPU.Build.0 = Release|Any CPU
		{3E1DB1E3-0849-4997-BA7F-5A1A787C1AB4}.Debug|Any CPU.ActiveCfg = Debug|Any CPU
		{3E1DB1E3-0849-4997-BA7F-5A1A787C1AB4}.Debug|Any CPU.Build.0 = Debug|Any CPU
		{3E1DB1E3-0849-4997-BA7F-5A1A787C1AB4}.Release|Any CPU.ActiveCfg = Release|Any CPU
		{3E1DB1E3-0849-4997-BA7F-5A1A787C1AB4}.Release|Any CPU.Build.0 = Release|Any CPU
		{4AB5D6D1-2A05-404D-AC5B-5EE5586FA44E}.Debug|Any CPU.ActiveCfg = Debug|Any CPU
		{4AB5D6D1-2A05-404D-AC5B-5EE5586FA44E}.Debug|Any CPU.Build.0 = Debug|Any CPU
		{4AB5D6D1-2A05-404D-AC5B-5EE5586FA44E}.Release|Any CPU.ActiveCfg = Release|Any CPU
		{4AB5D6D1-2A05-404D-AC5B-5EE5586FA44E}.Release|Any CPU.Build.0 = Release|Any CPU
		{9565666D-C69D-444C-9445-964DEE628863}.Debug|Any CPU.ActiveCfg = Debug|Any CPU
		{9565666D-C69D-444C-9445-964DEE628863}.Debug|Any CPU.Build.0 = Debug|Any CPU
		{9565666D-C69D-444C-9445-964DEE628863}.Release|Any CPU.ActiveCfg = Release|Any CPU
		{9565666D-C69D-444C-9445-964DEE628863}.Release|Any CPU.Build.0 = Release|Any CPU
	EndGlobalSection
	GlobalSection(SolutionProperties) = preSolution
		HideSolutionNode = FALSE
	EndGlobalSection
	GlobalSection(NestedProjects) = preSolution
		{85E6D777-0B02-4A93-857A-4D42E4B0CE19} = {D3BF7D1E-9499-4F03-A0CD-1E5A2D04FD2C}
		{A1150179-2EA3-4144-9EF6-79A3F88EC242} = {85E6D777-0B02-4A93-857A-4D42E4B0CE19}
		{7787223F-1BFC-4D4E-AB01-9536AD93DBA5} = {D3BF7D1E-9499-4F03-A0CD-1E5A2D04FD2C}
		{6D968C44-63E4-49A5-97C9-2BA4C67C0F1B} = {7787223F-1BFC-4D4E-AB01-9536AD93DBA5}
		{3B259CDD-93ED-4018-B06D-F1332444E969} = {D3BF7D1E-9499-4F03-A0CD-1E5A2D04FD2C}
		{C90E16BE-96BB-4EE4-92F8-E07B72D26FB0} = {3B259CDD-93ED-4018-B06D-F1332444E969}
		{4AC5CC98-FB80-428B-8DA8-A4A0862AFF11} = {3B259CDD-93ED-4018-B06D-F1332444E969}
		{C794A0EF-A8E8-449C-8483-C23C94F41CA5} = {D3BF7D1E-9499-4F03-A0CD-1E5A2D04FD2C}
		{1A88C920-089C-4FC3-BA60-4C155DE558D4} = {C794A0EF-A8E8-449C-8483-C23C94F41CA5}
		{E5D4EEAA-7125-4402-B1F1-D71F4BD3B483} = {C794A0EF-A8E8-449C-8483-C23C94F41CA5}
		{0323EB64-34B8-472B-B6B8-A7FD994BB231} = {C794A0EF-A8E8-449C-8483-C23C94F41CA5}
		{3E1DB1E3-0849-4997-BA7F-5A1A787C1AB4} = {C794A0EF-A8E8-449C-8483-C23C94F41CA5}
		{4AB5D6D1-2A05-404D-AC5B-5EE5586FA44E} = {44E66A8A-EF06-4A26-9058-AE1816B0C406}
		{9565666D-C69D-444C-9445-964DEE628863} = {44E66A8A-EF06-4A26-9058-AE1816B0C406}
	EndGlobalSection
	GlobalSection(ExtensibilityGlobals) = postSolution
		SolutionGuid = {A99780B0-C99C-4B40-B707-31BE1429E5D3}
	EndGlobalSection
EndGlobal
